# This file is automatically @generated by Cargo.
# It is not intended for manual editing.
version = 3

[[package]]
name = "api"
version = "0.0.1"

[[package]]
name = "backend"
version = "0.1.0"

[[package]]
name = "frontend"
version = "0.1.0"

[[package]]
name = "fungus"
version = "0.1.0"
dependencies = [
 "api",
]

[[package]]
name = "middleend"
version = "0.1.0"
